
Microsoft Visual Studio Solution File, Format Version 12.00
# Visual Studio Version 16
VisualStudioVersion = 16.0.31313.79
MinimumVisualStudioVersion = 10.0.40219.1
Project("{FAE04EC0-301F-11D3-BF4B-00C04F79EFBC}") = "VysProje", "VysProje\VysProje.csproj", "{F35D09FC-185E-456A-950F-73EAC69746CC}"
EndProject
Global
	GlobalSection(SolutionConfigurationPlatforms) = preSolution
		Debug|Any CPU = Debug|Any CPU
		Release|Any CPU = Release|Any CPU
	EndGlobalSection
	GlobalSection(ProjectConfigurationPlatforms) = postSolution
		{F35D09FC-185E-456A-950F-73EAC69746CC}.Debug|Any CPU.ActiveCfg = Debug|Any CPU
		{F35D09FC-185E-456A-950F-73EAC69746CC}.Debug|Any CPU.Build.0 = Debug|Any CPU
		{F35D09FC-185E-456A-950F-73EAC69746CC}.Release|Any CPU.ActiveCfg = Release|Any CPU
		{F35D09FC-185E-456A-950F-73EAC69746CC}.Release|Any CPU.Build.0 = Release|Any CPU
	EndGlobalSection
	GlobalSection(SolutionProperties) = preSolution
		HideSolutionNode = FALSE
	EndGlobalSection
	GlobalSection(ExtensibilityGlobals) = postSolution
		SolutionGuid = {01F83F0B-1C2B-4795-81C0-A17EB1C690DF}
	EndGlobalSection
EndGlobal
